
Microsoft Visual Studio Solution File, Format Version 12.00
# Visual Studio Version 17
VisualStudioVersion = 17.5.002.0
MinimumVisualStudioVersion = 10.0.40219.1
Project("{9A19103F-16F7-4668-BE54-9A1E7A4F7556}") = "dotnet-dynamic-expressions-demo", "dotnet-dynamic-expressions-demo.csproj", "{69E2592C-CD6F-4D2D-9175-ED15CDCCCEB1}"
EndProject
Global
	GlobalSection(SolutionConfigurationPlatforms) = preSolution
		Debug|Any CPU = Debug|Any CPU
		Release|Any CPU = Release|Any CPU
	EndGlobalSection
	GlobalSection(ProjectConfigurationPlatforms) = postSolution
		{69E2592C-CD6F-4D2D-9175-ED15CDCCCEB1}.Debug|Any CPU.ActiveCfg = Debug|Any CPU
		{69E2592C-CD6F-4D2D-9175-ED15CDCCCEB1}.Debug|Any CPU.Build.0 = Debug|Any CPU
		{69E2592C-CD6F-4D2D-9175-ED15CDCCCEB1}.Release|Any CPU.ActiveCfg = Release|Any CPU
		{69E2592C-CD6F-4D2D-9175-ED15CDCCCEB1}.Release|Any CPU.Build.0 = Release|Any CPU
	EndGlobalSection
	GlobalSection(SolutionProperties) = preSolution
		HideSolutionNode = FALSE
	EndGlobalSection
	GlobalSection(ExtensibilityGlobals) = postSolution
		SolutionGuid = {F49BF726-156A-43EB-81B4-97B123B8061D}
	EndGlobalSection
EndGlobal
